
Microsoft Visual Studio Solution File, Format Version 12.00
# Visual Studio Version 16
VisualStudioVersion = 16.0.30523.141
MinimumVisualStudioVersion = 10.0.40219.1
Project("{FAE04EC0-301F-11D3-BF4B-00C04F79EFBC}") = "Progmet_TodoList2", "Progmet_TodoList2.csproj", "{717EA642-2C54-46AE-BB70-33485148807E}"
EndProject
Global
	GlobalSection(SolutionConfigurationPlatforms) = preSolution
		Debug|Any CPU = Debug|Any CPU
		Release|Any CPU = Release|Any CPU
	EndGlobalSection
	GlobalSection(ProjectConfigurationPlatforms) = postSolution
		{717EA642-2C54-46AE-BB70-33485148807E}.Debug|Any CPU.ActiveCfg = Debug|Any CPU
		{717EA642-2C54-46AE-BB70-33485148807E}.Debug|Any CPU.Build.0 = Debug|Any CPU
		{717EA642-2C54-46AE-BB70-33485148807E}.Release|Any CPU.ActiveCfg = Release|Any CPU
		{717EA642-2C54-46AE-BB70-33485148807E}.Release|Any CPU.Build.0 = Release|Any CPU
	EndGlobalSection
	GlobalSection(SolutionProperties) = preSolution
		HideSolutionNode = FALSE
	EndGlobalSection
	GlobalSection(ExtensibilityGlobals) = postSolution
		SolutionGuid = {5F8B4D05-0E51-45EE-A3A6-76442DC88526}
	EndGlobalSection
EndGlobal
